
Microsoft Visual Studio Solution File, Format Version 12.00
# Visual Studio Version 16
VisualStudioVersion = 16.0.29728.190
MinimumVisualStudioVersion = 10.0.40219.1
Project("{FAE04EC0-301F-11D3-BF4B-00C04F79EFBC}") = "AdventureGame", "AdventureGame\AdventureGame.csproj", "{971D7502-7769-480C-B9E8-AD90FBE4E30D}"
EndProject
Global
	GlobalSection(SolutionConfigurationPlatforms) = preSolution
		Debug|Any CPU = Debug|Any CPU
		Release|Any CPU = Release|Any CPU
	EndGlobalSection
	GlobalSection(ProjectConfigurationPlatforms) = postSolution
		{971D7502-7769-480C-B9E8-AD90FBE4E30D}.Debug|Any CPU.ActiveCfg = Debug|Any CPU
		{971D7502-7769-480C-B9E8-AD90FBE4E30D}.Debug|Any CPU.Build.0 = Debug|Any CPU
		{971D7502-7769-480C-B9E8-AD90FBE4E30D}.Release|Any CPU.ActiveCfg = Release|Any CPU
		{971D7502-7769-480C-B9E8-AD90FBE4E30D}.Release|Any CPU.Build.0 = Release|Any CPU
	EndGlobalSection
	GlobalSection(SolutionProperties) = preSolution
		HideSolutionNode = FALSE
	EndGlobalSection
	GlobalSection(ExtensibilityGlobals) = postSolution
		SolutionGuid = {EAB270BA-D469-4EA1-8C98-76031A7751E4}
	EndGlobalSection
EndGlobal
